
Microsoft Visual Studio Solution File, Format Version 12.00
# Visual Studio Version 17
VisualStudioVersion = 17.6.33801.468
MinimumVisualStudioVersion = 10.0.40219.1
Project("{FAE04EC0-301F-11D3-BF4B-00C04F79EFBC}") = "ExploreCity", "ExploreCity.csproj", "{986F55B6-E7A9-422F-9C92-5621BEC89B9E}"
EndProject
Global
	GlobalSection(SolutionConfigurationPlatforms) = preSolution
		Debug|Any CPU = Debug|Any CPU
		Release|Any CPU = Release|Any CPU
	EndGlobalSection
	GlobalSection(ProjectConfigurationPlatforms) = postSolution
		{986F55B6-E7A9-422F-9C92-5621BEC89B9E}.Debug|Any CPU.ActiveCfg = Debug|Any CPU
		{986F55B6-E7A9-422F-9C92-5621BEC89B9E}.Debug|Any CPU.Build.0 = Debug|Any CPU
		{986F55B6-E7A9-422F-9C92-5621BEC89B9E}.Debug|Any CPU.Deploy.0 = Debug|Any CPU
		{986F55B6-E7A9-422F-9C92-5621BEC89B9E}.Release|Any CPU.ActiveCfg = Release|Any CPU
		{986F55B6-E7A9-422F-9C92-5621BEC89B9E}.Release|Any CPU.Build.0 = Release|Any CPU
		{986F55B6-E7A9-422F-9C92-5621BEC89B9E}.Release|Any CPU.Deploy.0 = Release|Any CPU
	EndGlobalSection
	GlobalSection(SolutionProperties) = preSolution
		HideSolutionNode = FALSE
	EndGlobalSection
	GlobalSection(ExtensibilityGlobals) = postSolution
		SolutionGuid = {32AFBF0A-2247-47AC-8B16-BB6C06F587BB}
	EndGlobalSection
EndGlobal
